// !$*UTF8*$!
{
	archiveVersion = 1;
	classes = {
	};
	objectVersion = 46;
	objects = {

/* Begin PBXBuildFile section */
		3DD8876D1E1CE61E00638FC3 /* AppDelegate.swift in Sources */ = {isa = PBXBuildFile; fileRef = 3DD8876C1E1CE61E00638FC3 /* AppDelegate.swift */; };
		3DD8876F1E1CE61E00638FC3 /* HomeViewController.swift in Sources */ = {isa = PBXBuildFile; fileRef = 3DD8876E1E1CE61E00638FC3 /* HomeViewController.swift */; };
		3DD887721E1CE61E00638FC3 /* Main.storyboard in Resources */ = {isa = PBXBuildFile; fileRef = 3DD887701E1CE61E00638FC3 /* Main.storyboard */; };
		3DD887741E1CE61E00638FC3 /* Assets.xcassets in Resources */ = {isa = PBXBuildFile; fileRef = 3DD887731E1CE61E00638FC3 /* Assets.xcassets */; };
		3DD887771E1CE61E00638FC3 /* LaunchScreen.storyboard in Resources */ = {isa = PBXBuildFile; fileRef = 3DD887751E1CE61E00638FC3 /* LaunchScreen.storyboard */; };
		3DD887871E1D01C300638FC3 /* Brand_Info_Model.swift in Sources */ = {isa = PBXBuildFile; fileRef = 3DD887861E1D01C300638FC3 /* Brand_Info_Model.swift */; };
		3DD8878B1E1D171800638FC3 /* AddCartViewController.swift in Sources */ = {isa = PBXBuildFile; fileRef = 3DD8878A1E1D171800638FC3 /* AddCartViewController.swift */; };
		3DD887911E1E1B5200638FC3 /* BrandCell.swift in Sources */ = {isa = PBXBuildFile; fileRef = 3DD887901E1E1B5200638FC3 /* BrandCell.swift */; };
		6FE570C43043298CA22C6987 /* Pods_StyfiApp.framework in Frameworks */ = {isa = PBXBuildFile; fileRef = 3B738D526CDEC1656F0E3247 /* Pods_StyfiApp.framework */; };
/* End PBXBuildFile section */

/* Begin PBXFileReference section */
		0A9B3F8952BEAF9764FEB046 /* Pods-styfiApp.release.xcconfig */ = {isa = PBXFileReference; includeInIndex = 1; lastKnownFileType = text.xcconfig; name = "Pods-styfiApp.release.xcconfig"; path = "Pods/Target Support Files/Pods-styfiApp/Pods-styfiApp.release.xcconfig"; sourceTree = "<group>"; };
		3B738D526CDEC1656F0E3247 /* Pods_StyfiApp.framework */ = {isa = PBXFileReference; explicitFileType = wrapper.framework; includeInIndex = 0; path = Pods_StyfiApp.framework; sourceTree = BUILT_PRODUCTS_DIR; };
		3DD887691E1CE61E00638FC3 /* StyfiApp.app */ = {isa = PBXFileReference; explicitFileType = wrapper.application; includeInIndex = 0; path = StyfiApp.app; sourceTree = BUILT_PRODUCTS_DIR; };
		3DD8876C1E1CE61E00638FC3 /* AppDelegate.swift */ = {isa = PBXFileReference; lastKnownFileType = sourcecode.swift; path = AppDelegate.swift; sourceTree = "<group>"; };
		3DD8876E1E1CE61E00638FC3 /* HomeViewController.swift */ = {isa = PBXFileReference; lastKnownFileType = sourcecode.swift; path = HomeViewController.swift; sourceTree = "<group>"; };
		3DD887711E1CE61E00638FC3 /* Base */ = {isa = PBXFileReference; lastKnownFileType = file.storyboard; name = Base; path = Base.lproj/Main.storyboard; sourceTree = "<group>"; };
		3DD887731E1CE61E00638FC3 /* Assets.xcassets */ = {isa = PBXFileReference; lastKnownFileType = folder.assetcatalog; path = Assets.xcassets; sourceTree = "<group>"; };
		3DD887761E1CE61E00638FC3 /* Base */ = {isa = PBXFileReference; lastKnownFileType = file.storyboard; name = Base; path = Base.lproj/LaunchScreen.storyboard; sourceTree = "<group>"; };
		3DD887781E1CE61E00638FC3 /* Info.plist */ = {isa = PBXFileReference; lastKnownFileType = text.plist.xml; path = Info.plist; sourceTree = "<group>"; };
		3DD8877E1E1CE75F00638FC3 /* styfiApp.entitlements */ = {isa = PBXFileReference; lastKnownFileType = text.plist.entitlements; path = styfiApp.entitlements; sourceTree = "<group>"; };
		3DD887861E1D01C300638FC3 /* Brand_Info_Model.swift */ = {isa = PBXFileReference; fileEncoding = 4; lastKnownFileType = sourcecode.swift; path = Brand_Info_Model.swift; sourceTree = "<group>"; };
		3DD8878A1E1D171800638FC3 /* AddCartViewController.swift */ = {isa = PBXFileReference; fileEncoding = 4; lastKnownFileType = sourcecode.swift; path = AddCartViewController.swift; sourceTree = "<group>"; };
		3DD887901E1E1B5200638FC3 /* BrandCell.swift */ = {isa = PBXFileReference; fileEncoding = 4; lastKnownFileType = sourcecode.swift; path = BrandCell.swift; sourceTree = "<group>"; };
		5D6E3EC281991BA54655B53D /* Pods-StyfiApp.debug.xcconfig */ = {isa = PBXFileReference; includeInIndex = 1; lastKnownFileType = text.xcconfig; name = "Pods-StyfiApp.debug.xcconfig"; path = "Pods/Target Support Files/Pods-StyfiApp/Pods-StyfiApp.debug.xcconfig"; sourceTree = "<group>"; };
		8A104A0E499B1AE3CC3C02B6 /* Pods_styfiApp.framework */ = {isa = PBXFileReference; explicitFileType = wrapper.framework; includeInIndex = 0; path = Pods_styfiApp.framework; sourceTree = BUILT_PRODUCTS_DIR; };
		A6EC58335A3235DD8A59C7FB /* Pods-StyfiApp.release.xcconfig */ = {isa = PBXFileReference; includeInIndex = 1; lastKnownFileType = text.xcconfig; name = "Pods-StyfiApp.release.xcconfig"; path = "Pods/Target Support Files/Pods-StyfiApp/Pods-StyfiApp.release.xcconfig"; sourceTree = "<group>"; };
		DF48C921327EABDD9B2C2F91 /* Pods-styfiApp.debug.xcconfig */ = {isa = PBXFileReference; includeInIndex = 1; lastKnownFileType = text.xcconfig; name = "Pods-styfiApp.debug.xcconfig"; path = "Pods/Target Support Files/Pods-styfiApp/Pods-styfiApp.debug.xcconfig"; sourceTree = "<group>"; };
/* End PBXFileReference section */

/* Begin PBXFrameworksBuildPhase section */
		3DD887661E1CE61E00638FC3 /* Frameworks */ = {
			isa = PBXFrameworksBuildPhase;
			buildActionMask = 2147483647;
			files = (
				6FE570C43043298CA22C6987 /* Pods_StyfiApp.framework in Frameworks */,
			);
			runOnlyForDeploymentPostprocessing = 0;
		};
/* End PBXFrameworksBuildPhase section */

/* Begin PBXGroup section */
		3DD887601E1CE61E00638FC3 = {
			isa = PBXGroup;
			children = (
				3DD8876B1E1CE61E00638FC3 /* StyfiApp */,
				3DD8876A1E1CE61E00638FC3 /* Products */,
				819F0EEAC3ED8BE52F34C092 /* Pods */,
				D657B712822FE5B18E9E50BC /* Frameworks */,
			);
			sourceTree = "<group>";
		};
		3DD8876A1E1CE61E00638FC3 /* Products */ = {
			isa = PBXGroup;
			children = (
				3DD887691E1CE61E00638FC3 /* StyfiApp.app */,
			);
			name = Products;
			sourceTree = "<group>";
		};
		3DD8876B1E1CE61E00638FC3 /* StyfiApp */ = {
			isa = PBXGroup;
			children = (
				3DD8878F1E1E1B3300638FC3 /* Cell */,
				3DD8878E1E1D1C0500638FC3 /* View */,
				3DD8878D1E1D1BF800638FC3 /* Controller */,
				3DD8878C1E1D1BEF00638FC3 /* Model */,
				3DD8877E1E1CE75F00638FC3 /* styfiApp.entitlements */,
				3DD8876C1E1CE61E00638FC3 /* AppDelegate.swift */,
				3DD887731E1CE61E00638FC3 /* Assets.xcassets */,
				3DD887781E1CE61E00638FC3 /* Info.plist */,
			);
			name = StyfiApp;
			path = styfiApp;
			sourceTree = "<group>";
		};
		3DD8878C1E1D1BEF00638FC3 /* Model */ = {
			isa = PBXGroup;
			children = (
				3DD887861E1D01C300638FC3 /* Brand_Info_Model.swift */,
			);
			name = Model;
			sourceTree = "<group>";
		};
		3DD8878D1E1D1BF800638FC3 /* Controller */ = {
			isa = PBXGroup;
			children = (
				3DD8876E1E1CE61E00638FC3 /* HomeViewController.swift */,
				3DD8878A1E1D171800638FC3 /* AddCartViewController.swift */,
			);
			name = Controller;
			sourceTree = "<group>";
		};
		3DD8878E1E1D1C0500638FC3 /* View */ = {
			isa = PBXGroup;
			children = (
				3DD887701E1CE61E00638FC3 /* Main.storyboard */,
				3DD887751E1CE61E00638FC3 /* LaunchScreen.storyboard */,
			);
			name = View;
			sourceTree = "<group>";
		};
		3DD8878F1E1E1B3300638FC3 /* Cell */ = {
			isa = PBXGroup;
			children = (
				3DD887901E1E1B5200638FC3 /* BrandCell.swift */,
			);
			name = Cell;
			sourceTree = "<group>";
		};
		819F0EEAC3ED8BE52F34C092 /* Pods */ = {
			isa = PBXGroup;
			children = (
				DF48C921327EABDD9B2C2F91 /* Pods-styfiApp.debug.xcconfig */,
				0A9B3F8952BEAF9764FEB046 /* Pods-styfiApp.release.xcconfig */,
				5D6E3EC281991BA54655B53D /* Pods-StyfiApp.debug.xcconfig */,
				A6EC58335A3235DD8A59C7FB /* Pods-StyfiApp.release.xcconfig */,
			);
			name = Pods;
			sourceTree = "<group>";
		};
		D657B712822FE5B18E9E50BC /* Frameworks */ = {
			isa = PBXGroup;
			children = (
				8A104A0E499B1AE3CC3C02B6 /* Pods_styfiApp.framework */,
				3B738D526CDEC1656F0E3247 /* Pods_StyfiApp.framework */,
			);
			name = Frameworks;
			sourceTree = "<group>";
		};
/* End PBXGroup section */

/* Begin PBXNativeTarget section */
		3DD887681E1CE61E00638FC3 /* StyfiApp */ = {
			isa = PBXNativeTarget;
			buildConfigurationList = 3DD8877B1E1CE61E00638FC3 /* Build configuration list for PBXNativeTarget "StyfiApp" */;
			buildPhases = (
				7E9127A5607BF5035100C045 /* [CP] Check Pods Manifest.lock */,
				3DD887651E1CE61E00638FC3 /* Sources */,
				3DD887661E1CE61E00638FC3 /* Frameworks */,
				3DD887671E1CE61E00638FC3 /* Resources */,
				15B0A93DCDD930F494C8B506 /* [CP] Embed Pods Frameworks */,
				2D58DC0F784D875ED1EC5EB8 /* [CP] Copy Pods Resources */,
			);
			buildRules = (
			);
			dependencies = (
			);
			name = StyfiApp;
			productName = styfiApp;
			productReference = 3DD887691E1CE61E00638FC3 /* StyfiApp.app */;
			productType = "com.apple.product-type.application";
		};
/* End PBXNativeTarget section */

/* Begin PBXProject section */
		3DD887611E1CE61E00638FC3 /* Project object */ = {
			isa = PBXProject;
			attributes = {
				LastSwiftUpdateCheck = 0810;
				LastUpgradeCheck = 0810;
				ORGANIZATIONNAME = Sanjay;
				TargetAttributes = {
					3DD887681E1CE61E00638FC3 = {
						CreatedOnToolsVersion = 8.1;
						DevelopmentTeam = QY8PV2R65U;
						ProvisioningStyle = Automatic;
						SystemCapabilities = {
							com.apple.Keychain = {
								enabled = 1;
							};
						};
					};
				};
			};
			buildConfigurationList = 3DD887641E1CE61E00638FC3 /* Build configuration list for PBXProject "StyfiApp" */;
			compatibilityVersion = "Xcode 3.2";
			developmentRegion = English;
			hasScannedForEncodings = 0;
			knownRegions = (
				en,
				Base,
			);
			mainGroup = 3DD887601E1CE61E00638FC3;
			productRefGroup = 3DD8876A1E1CE61E00638FC3 /* Products */;
			projectDirPath = "";
			projectRoot = "";
			targets = (
				3DD887681E1CE61E00638FC3 /* StyfiApp */,
			);
		};
/* End PBXProject section */

/* Begin PBXResourcesBuildPhase section */
		3DD887671E1CE61E00638FC3 /* Resources */ = {
			isa = PBXResourcesBuildPhase;
			buildActionMask = 2147483647;
			files = (
				3DD887771E1CE61E00638FC3 /* LaunchScreen.storyboard in Resources */,
				3DD887741E1CE61E00638FC3 /* Assets.xcassets in Resources */,
				3DD887721E1CE61E00638FC3 /* Main.storyboard in Resources */,
			);
			runOnlyForDeploymentPostprocessing = 0;
		};
/* End PBXResourcesBuildPhase section */

/* Begin PBXShellScriptBuildPhase section */
		15B0A93DCDD930F494C8B506 /* [CP] Embed Pods Frameworks */ = {
			isa = PBXShellScriptBuildPhase;
			buildActionMask = 2147483647;
			files = (
			);
			inputPaths = (
			);
			name = "[CP] Embed Pods Frameworks";
			outputPaths = (
			);
			runOnlyForDeploymentPostprocessing = 0;
			shellPath = /bin/sh;
			shellScript = "\"${SRCROOT}/Pods/Target Support Files/Pods-StyfiApp/Pods-StyfiApp-frameworks.sh\"\n";
			showEnvVarsInLog = 0;
		};
		2D58DC0F784D875ED1EC5EB8 /* [CP] Copy Pods Resources */ = {
			isa = PBXShellScriptBuildPhase;
			buildActionMask = 2147483647;
			files = (
			);
			inputPaths = (
			);
			name = "[CP] Copy Pods Resources";
			outputPaths = (
			);
			runOnlyForDeploymentPostprocessing = 0;
			shellPath = /bin/sh;
			shellScript = "\"${SRCROOT}/Pods/Target Support Files/Pods-StyfiApp/Pods-StyfiApp-resources.sh\"\n";
			showEnvVarsInLog = 0;
		};
		7E9127A5607BF5035100C045 /* [CP] Check Pods Manifest.lock */ = {
			isa = PBXShellScriptBuildPhase;
			buildActionMask = 2147483647;
			files = (
			);
			inputPaths = (
			);
			name = "[CP] Check Pods Manifest.lock";
			outputPaths = (
			);
			runOnlyForDeploymentPostprocessing = 0;
			shellPath = /bin/sh;
			shellScript = "diff \"${PODS_ROOT}/../Podfile.lock\" \"${PODS_ROOT}/Manifest.lock\" > /dev/null\nif [[ $? != 0 ]] ; then\n    cat << EOM\nerror: The sandbox is not in sync with the Podfile.lock. Run 'pod install' or update your CocoaPods installation.\nEOM\n    exit 1\nfi\n";
			showEnvVarsInLog = 0;
		};
/* End PBXShellScriptBuildPhase section */

/* Begin PBXSourcesBuildPhase section */
		3DD887651E1CE61E00638FC3 /* Sources */ = {
			isa = PBXSourcesBuildPhase;
			buildActionMask = 2147483647;
			files = (
				3DD887911E1E1B5200638FC3 /* BrandCell.swift in Sources */,
				3DD8876F1E1CE61E00638FC3 /* HomeViewController.swift in Sources */,
				3DD887871E1D01C300638FC3 /* Brand_Info_Model.swift in Sources */,
				3DD8876D1E1CE61E00638FC3 /* AppDelegate.swift in Sources */,
				3DD8878B1E1D171800638FC3 /* AddCartViewController.swift in Sources */,
			);
			runOnlyForDeploymentPostprocessing = 0;
		};
/* End PBXSourcesBuildPhase section */

/* Begin PBXVariantGroup section */
		3DD887701E1CE61E00638FC3 /* Main.storyboard */ = {
			isa = PBXVariantGroup;
			children = (
				3DD887711E1CE61E00638FC3 /* Base */,
			);
			name = Main.storyboard;
			sourceTree = "<group>";
		};
		3DD887751E1CE61E00638FC3 /* LaunchScreen.storyboard */ = {
			isa = PBXVariantGroup;
			children = (
				3DD887761E1CE61E00638FC3 /* Base */,
			);
			name = LaunchScreen.storyboard;
			sourceTree = "<group>";
		};
/* End PBXVariantGroup section */

/* Begin XCBuildConfiguration section */
		3DD887791E1CE61E00638FC3 /* Debug */ = {
			isa = XCBuildConfiguration;
			buildSettings = {
				ALWAYS_SEARCH_USER_PATHS = NO;
				CLANG_ANALYZER_NONNULL = YES;
				CLANG_CXX_LANGUAGE_STANDARD = "gnu++0x";
				CLANG_CXX_LIBRARY = "libc++";
				CLANG_ENABLE_MODULES = YES;
				CLANG_ENABLE_OBJC_ARC = YES;
				CLANG_WARN_BOOL_CONVERSION = YES;
				CLANG_WARN_CONSTANT_CONVERSION = YES;
				CLANG_WARN_DIRECT_OBJC_ISA_USAGE = YES_ERROR;
				CLANG_WARN_DOCUMENTATION_COMMENTS = YES;
				CLANG_WARN_EMPTY_BODY = YES;
				CLANG_WARN_ENUM_CONVERSION = YES;
				CLANG_WARN_INFINITE_RECURSION = YES;
				CLANG_WARN_INT_CONVERSION = YES;
				CLANG_WARN_OBJC_ROOT_CLASS = YES_ERROR;
				CLANG_WARN_SUSPICIOUS_MOVE = YES;
				CLANG_WARN_SUSPICIOUS_MOVES = YES;
				CLANG_WARN_UNREACHABLE_CODE = YES;
				CLANG_WARN__DUPLICATE_METHOD_MATCH = YES;
				"CODE_SIGN_IDENTITY[sdk=iphoneos*]" = "iPhone Developer";
				COPY_PHASE_STRIP = NO;
				DEBUG_INFORMATION_FORMAT = dwarf;
				ENABLE_STRICT_OBJC_MSGSEND = YES;
				ENABLE_TESTABILITY = YES;
				GCC_C_LANGUAGE_STANDARD = gnu99;
				GCC_DYNAMIC_NO_PIC = NO;
				GCC_NO_COMMON_BLOCKS = YES;
				GCC_OPTIMIZATION_LEVEL = 0;
				GCC_PREPROCESSOR_DEFINITIONS = (
					"DEBUG=1",
					"$(inherited)",
				);
				GCC_WARN_64_TO_32_BIT_CONVERSION = YES;
				GCC_WARN_ABOUT_RETURN_TYPE = YES_ERROR;
				GCC_WARN_UNDECLARED_SELECTOR = YES;
				GCC_WARN_UNINITIALIZED_AUTOS = YES_AGGRESSIVE;
				GCC_WARN_UNUSED_FUNCTION = YES;
				GCC_WARN_UNUSED_VARIABLE = YES;
				IPHONEOS_DEPLOYMENT_TARGET = 10.1;
				MTL_ENABLE_DEBUG_INFO = YES;
				ONLY_ACTIVE_ARCH = YES;
				SDKROOT = iphoneos;
				SWIFT_ACTIVE_COMPILATION_CONDITIONS = DEBUG;
				SWIFT_OPTIMIZATION_LEVEL = "-Onone";
				TARGETED_DEVICE_FAMILY = "1,2";
			};
			name = Debug;
		};
		3DD8877A1E1CE61E00638FC3 /* Release */ = {
			isa = XCBuildConfiguration;
			buildSettings = {
				ALWAYS_SEARCH_USER_PATHS = NO;
				CLANG_ANALYZER_NONNULL = YES;
				CLANG_CXX_LANGUAGE_STANDARD = "gnu++0x";
				CLANG_CXX_LIBRARY = "libc++";
				CLANG_ENABLE_MODULES = YES;
				CLANG_ENABLE_OBJC_ARC = YES;
				CLANG_WARN_BOOL_CONVERSION = YES;
				CLANG_WARN_CONSTANT_CONVERSION = YES;
				CLANG_WARN_DIRECT_OBJC_ISA_USAGE = YES_ERROR;
				CLANG_WARN_DOCUMENTATION_COMMENTS = YES;
				CLANG_WARN_EMPTY_BODY = YES;
				CLANG_WARN_ENUM_CONVERSION = YES;
				CLANG_WARN_INFINITE_RECURSION = YES;
				CLANG_WARN_INT_CONVERSION = YES;
				CLANG_WARN_OBJC_ROOT_CLASS = YES_ERROR;
				CLANG_WARN_SUSPICIOUS_MOVE = YES;
				CLANG_WARN_SUSPICIOUS_MOVES = YES;
				CLANG_WARN_UNREACHABLE_CODE = YES;
				CLANG_WARN__DUPLICATE_METHOD_MATCH = YES;
				"CODE_SIGN_IDENTITY[sdk=iphoneos*]" = "iPhone Developer";
				COPY_PHASE_STRIP = NO;
				DEBUG_INFORMATION_FORMAT = "dwarf-with-dsym";
				ENABLE_NS_ASSERTIONS = NO;
				ENABLE_STRICT_OBJC_MSGSEND = YES;
				GCC_C_LANGUAGE_STANDARD = gnu99;
				GCC_NO_COMMON_BLOCKS = YES;
				GCC_WARN_64_TO_32_BIT_CONVERSION = YES;
				GCC_WARN_ABOUT_RETURN_TYPE = YES_ERROR;
				GCC_WARN_UNDECLARED_SELECTOR = YES;
				GCC_WARN_UNINITIALIZED_AUTOS = YES_AGGRESSIVE;
				GCC_WARN_UNUSED_FUNCTION = YES;
				GCC_WARN_UNUSED_VARIABLE = YES;
				IPHONEOS_DEPLOYMENT_TARGET = 10.1;
				MTL_ENABLE_DEBUG_INFO = NO;
				SDKROOT = iphoneos;
				SWIFT_OPTIMIZATION_LEVEL = "-Owholemodule";
				TARGETED_DEVICE_FAMILY = "1,2";
				VALIDATE_PRODUCT = YES;
			};
			name = Release;
		};
		3DD8877C1E1CE61E00638FC3 /* Debug */ = {
			isa = XCBuildConfiguration;
			baseConfigurationReference = 5D6E3EC281991BA54655B53D /* Pods-StyfiApp.debug.xcconfig */;
			buildSettings = {
				ALWAYS_EMBED_SWIFT_STANDARD_LIBRARIES = YES;
				ASSETCATALOG_COMPILER_APPICON_NAME = AppIcon;
				CODE_SIGN_ENTITLEMENTS = styfiApp/styfiApp.entitlements;
				DEVELOPMENT_TEAM = QY8PV2R65U;
				FRAMEWORK_SEARCH_PATHS = (
					"$(inherited)",
					"$(PROJECT_DIR)",
				);
				INFOPLIST_FILE = styfiApp/Info.plist;
				IPHONEOS_DEPLOYMENT_TARGET = 9.0;
				LD_RUNPATH_SEARCH_PATHS = "$(inherited) @executable_path/Frameworks";
				PRODUCT_BUNDLE_IDENTIFIER = com.theiOSDeveloper.StyfiApp;
				PRODUCT_NAME = "$(TARGET_NAME)";
				SWIFT_VERSION = 3.0;
			};
			name = Debug;
		};
		3DD8877D1E1CE61E00638FC3 /* Release */ = {
			isa = XCBuildConfiguration;
			baseConfigurationReference = A6EC58335A3235DD8A59C7FB /* Pods-StyfiApp.release.xcconfig */;
			buildSettings = {
				ALWAYS_EMBED_SWIFT_STANDARD_LIBRARIES = YES;
				ASSETCATALOG_COMPILER_APPICON_NAME = AppIcon;
				CODE_SIGN_ENTITLEMENTS = styfiApp/styfiApp.entitlements;
				DEVELOPMENT_TEAM = QY8PV2R65U;
				FRAMEWORK_SEARCH_PATHS = (
					"$(inherited)",
					"$(PROJECT_DIR)",
				);
				INFOPLIST_FILE = styfiApp/Info.plist;
				IPHONEOS_DEPLOYMENT_TARGET = 9.0;
				LD_RUNPATH_SEARCH_PATHS = "$(inherited) @executable_path/Frameworks";
				PRODUCT_BUNDLE_IDENTIFIER = com.theiOSDeveloper.StyfiApp;
				PRODUCT_NAME = "$(TARGET_NAME)";
				SWIFT_VERSION = 3.0;
			};
			name = Release;
		};
/* End XCBuildConfiguration section */

/* Begin XCConfigurationList section */
		3DD887641E1CE61E00638FC3 /* Build configuration list for PBXProject "StyfiApp" */ = {
			isa = XCConfigurationList;
			buildConfigurations = (
				3DD887791E1CE61E00638FC3 /* Debug */,
				3DD8877A1E1CE61E00638FC3 /* Release */,
			);
			defaultConfigurationIsVisible = 0;
			defaultConfigurationName = Release;
		};
		3DD8877B1E1CE61E00638FC3 /* Build configuration list for PBXNativeTarget "StyfiApp" */ = {
			isa = XCConfigurationList;
			buildConfigurations = (
				3DD8877C1E1CE61E00638FC3 /* Debug */,
				3DD8877D1E1CE61E00638FC3 /* Release */,
			);
			defaultConfigurationIsVisible = 0;
			defaultConfigurationName = Release;
		};
/* End XCConfigurationList section */
	};
	rootObject = 3DD887611E1CE61E00638FC3 /* Project object */;
}
